// !$*UTF8*$!
{
	archiveVersion = 1;
	classes = {
	};
	objectVersion = 56;
	objects = {

/* Begin PBXBuildFile section */
		A1B2C3D4E5F60001000001AA /* ClaudeFileServerApp.swift in Sources */ = {isa = PBXBuildFile; fileRef = A1B2C3D4E5F60001000002AA /* ClaudeFileServerApp.swift */; };
		A1B2C3D4E5F60001000001BB /* ContentView.swift in Sources */ = {isa = PBXBuildFile; fileRef = A1B2C3D4E5F60001000002BB /* ContentView.swift */; };
		A1B2C3D4E5F60001000001CC /* FileServer.swift in Sources */ = {isa = PBXBuildFile; fileRef = A1B2C3D4E5F60001000002CC /* FileServer.swift */; };
		A1B2C3D4E5F60001000001DD /* FileOperations.swift in Sources */ = {isa = PBXBuildFile; fileRef = A1B2C3D4E5F60001000002DD /* FileOperations.swift */; };
		A1B2C3D4E5F60001000001EE /* PathResolver.swift in Sources */ = {isa = PBXBuildFile; fileRef = A1B2C3D4E5F60001000002EE /* PathResolver.swift */; };
		A1B2C3D4E5F60001000001FF /* AuthMiddleware.swift in Sources */ = {isa = PBXBuildFile; fileRef = A1B2C3D4E5F60001000002FF /* AuthMiddleware.swift */; };
		A1B2C3D4E5F600010000B101 /* GCDWebServer.m in Sources */ = {isa = PBXBuildFile; fileRef = A1B2C3D4E5F600010000B201 /* GCDWebServer.m */; };
		A1B2C3D4E5F600010000B102 /* GCDWebServerRequest.m in Sources */ = {isa = PBXBuildFile; fileRef = A1B2C3D4E5F600010000B202 /* GCDWebServerRequest.m */; };
		A1B2C3D4E5F600010000B103 /* GCDWebServerResponse.m in Sources */ = {isa = PBXBuildFile; fileRef = A1B2C3D4E5F600010000B203 /* GCDWebServerResponse.m */; };
		A1B2C3D4E5F600010000B104 /* GCDWebServerDataRequest.m in Sources */ = {isa = PBXBuildFile; fileRef = A1B2C3D4E5F600010000B204 /* GCDWebServerDataRequest.m */; };
		A1B2C3D4E5F600010000B105 /* GCDWebServerDataResponse.m in Sources */ = {isa = PBXBuildFile; fileRef = A1B2C3D4E5F600010000B205 /* GCDWebServerDataResponse.m */; };
		A1B2C3D4E5F60001000003AA /* Assets.xcassets in Resources */ = {isa = PBXBuildFile; fileRef = A1B2C3D4E5F60001000004AA /* Assets.xcassets */; };
		A1B2C3D4E5F6000100000Z01BF /* Archive+BackingConfiguration.swift in Sources */ = {isa = PBXBuildFile; fileRef = A1B2C3D4E5F6000100000Z01FR /* Archive+BackingConfiguration.swift */; };
		A1B2C3D4E5F6000100000Z02BF /* Archive+Deprecated.swift in Sources */ = {isa = PBXBuildFile; fileRef = A1B2C3D4E5F6000100000Z02FR /* Archive+Deprecated.swift */; };
		A1B2C3D4E5F6000100000Z03BF /* Archive+Helpers.swift in Sources */ = {isa = PBXBuildFile; fileRef = A1B2C3D4E5F6000100000Z03FR /* Archive+Helpers.swift */; };
		A1B2C3D4E5F6000100000Z04BF /* Archive+MemoryFile.swift in Sources */ = {isa = PBXBuildFile; fileRef = A1B2C3D4E5F6000100000Z04FR /* Archive+MemoryFile.swift */; };
		A1B2C3D4E5F6000100000Z05BF /* Archive+Progress.swift in Sources */ = {isa = PBXBuildFile; fileRef = A1B2C3D4E5F6000100000Z05FR /* Archive+Progress.swift */; };
		A1B2C3D4E5F6000100000Z06BF /* Archive+Reading.swift in Sources */ = {isa = PBXBuildFile; fileRef = A1B2C3D4E5F6000100000Z06FR /* Archive+Reading.swift */; };
		A1B2C3D4E5F6000100000Z07BF /* Archive+ReadingDeprecated.swift in Sources */ = {isa = PBXBuildFile; fileRef = A1B2C3D4E5F6000100000Z07FR /* Archive+ReadingDeprecated.swift */; };
		A1B2C3D4E5F6000100000Z08BF /* Archive+Writing.swift in Sources */ = {isa = PBXBuildFile; fileRef = A1B2C3D4E5F6000100000Z08FR /* Archive+Writing.swift */; };
		A1B2C3D4E5F6000100000Z09BF /* Archive+WritingDeprecated.swift in Sources */ = {isa = PBXBuildFile; fileRef = A1B2C3D4E5F6000100000Z09FR /* Archive+WritingDeprecated.swift */; };
		A1B2C3D4E5F6000100000Z10BF /* Archive+ZIP64.swift in Sources */ = {isa = PBXBuildFile; fileRef = A1B2C3D4E5F6000100000Z10FR /* Archive+ZIP64.swift */; };
		A1B2C3D4E5F6000100000Z11BF /* Archive.swift in Sources */ = {isa = PBXBuildFile; fileRef = A1B2C3D4E5F6000100000Z11FR /* Archive.swift */; };
		A1B2C3D4E5F6000100000Z12BF /* Data+Compression.swift in Sources */ = {isa = PBXBuildFile; fileRef = A1B2C3D4E5F6000100000Z12FR /* Data+Compression.swift */; };
		A1B2C3D4E5F6000100000Z13BF /* Data+CompressionDeprecated.swift in Sources */ = {isa = PBXBuildFile; fileRef = A1B2C3D4E5F6000100000Z13FR /* Data+CompressionDeprecated.swift */; };
		A1B2C3D4E5F6000100000Z14BF /* Data+Serialization.swift in Sources */ = {isa = PBXBuildFile; fileRef = A1B2C3D4E5F6000100000Z14FR /* Data+Serialization.swift */; };
		A1B2C3D4E5F6000100000Z15BF /* Date+ZIP.swift in Sources */ = {isa = PBXBuildFile; fileRef = A1B2C3D4E5F6000100000Z15FR /* Date+ZIP.swift */; };
		A1B2C3D4E5F6000100000Z16BF /* Entry+Serialization.swift in Sources */ = {isa = PBXBuildFile; fileRef = A1B2C3D4E5F6000100000Z16FR /* Entry+Serialization.swift */; };
		A1B2C3D4E5F6000100000Z17BF /* Entry+ZIP64.swift in Sources */ = {isa = PBXBuildFile; fileRef = A1B2C3D4E5F6000100000Z17FR /* Entry+ZIP64.swift */; };
		A1B2C3D4E5F6000100000Z18BF /* Entry.swift in Sources */ = {isa = PBXBuildFile; fileRef = A1B2C3D4E5F6000100000Z18FR /* Entry.swift */; };
		A1B2C3D4E5F6000100000Z19BF /* FileManager+ZIP.swift in Sources */ = {isa = PBXBuildFile; fileRef = A1B2C3D4E5F6000100000Z19FR /* FileManager+ZIP.swift */; };
		A1B2C3D4E5F6000100000Z20BF /* FileManager+ZIPDeprecated.swift in Sources */ = {isa = PBXBuildFile; fileRef = A1B2C3D4E5F6000100000Z20FR /* FileManager+ZIPDeprecated.swift */; };
		A1B2C3D4E5F6000100000Z21BF /* URL+ZIP.swift in Sources */ = {isa = PBXBuildFile; fileRef = A1B2C3D4E5F6000100000Z21FR /* URL+ZIP.swift */; };
/* End PBXBuildFile section */

/* Begin PBXFileReference section */
		A1B2C3D4E5F60001000010AA /* ClaudeFileServer.app */ = {isa = PBXFileReference; explicitFileType = wrapper.application; includeInIndex = 0; path = ClaudeFileServer.app; sourceTree = BUILT_PRODUCTS_DIR; };
		A1B2C3D4E5F60001000002AA /* ClaudeFileServerApp.swift */ = {isa = PBXFileReference; lastKnownFileType = sourcecode.swift; path = ClaudeFileServerApp.swift; sourceTree = "<group>"; };
		A1B2C3D4E5F60001000002BB /* ContentView.swift */ = {isa = PBXFileReference; lastKnownFileType = sourcecode.swift; path = ContentView.swift; sourceTree = "<group>"; };
		A1B2C3D4E5F60001000002CC /* FileServer.swift */ = {isa = PBXFileReference; lastKnownFileType = sourcecode.swift; path = FileServer.swift; sourceTree = "<group>"; };
		A1B2C3D4E5F60001000002DD /* FileOperations.swift */ = {isa = PBXFileReference; lastKnownFileType = sourcecode.swift; path = FileOperations.swift; sourceTree = "<group>"; };
		A1B2C3D4E5F60001000002EE /* PathResolver.swift */ = {isa = PBXFileReference; lastKnownFileType = sourcecode.swift; path = PathResolver.swift; sourceTree = "<group>"; };
		A1B2C3D4E5F60001000002FF /* AuthMiddleware.swift */ = {isa = PBXFileReference; lastKnownFileType = sourcecode.swift; path = AuthMiddleware.swift; sourceTree = "<group>"; };
		A1B2C3D4E5F60001000005AA /* ClaudeFileServer-Bridging-Header.h */ = {isa = PBXFileReference; lastKnownFileType = sourcecode.c.h; path = "ClaudeFileServer-Bridging-Header.h"; sourceTree = "<group>"; };
		A1B2C3D4E5F60001000004AA /* Assets.xcassets */ = {isa = PBXFileReference; lastKnownFileType = folder.assetcatalog; path = Assets.xcassets; sourceTree = "<group>"; };
		A1B2C3D4E5F60001000006AA /* Info.plist */ = {isa = PBXFileReference; lastKnownFileType = text.plist.xml; path = Info.plist; sourceTree = "<group>"; };
		A1B2C3D4E5F600010000B201 /* GCDWebServer.m */ = {isa = PBXFileReference; lastKnownFileType = sourcecode.c.objc; path = GCDWebServer.m; sourceTree = "<group>"; };
		A1B2C3D4E5F600010000B301 /* GCDWebServer.h */ = {isa = PBXFileReference; lastKnownFileType = sourcecode.c.h; path = GCDWebServer.h; sourceTree = "<group>"; };
		A1B2C3D4E5F600010000B202 /* GCDWebServerRequest.m */ = {isa = PBXFileReference; lastKnownFileType = sourcecode.c.objc; path = GCDWebServerRequest.m; sourceTree = "<group>"; };
		A1B2C3D4E5F600010000B302 /* GCDWebServerRequest.h */ = {isa = PBXFileReference; lastKnownFileType = sourcecode.c.h; path = GCDWebServerRequest.h; sourceTree = "<group>"; };
		A1B2C3D4E5F600010000B203 /* GCDWebServerResponse.m */ = {isa = PBXFileReference; lastKnownFileType = sourcecode.c.objc; path = GCDWebServerResponse.m; sourceTree = "<group>"; };
		A1B2C3D4E5F600010000B303 /* GCDWebServerResponse.h */ = {isa = PBXFileReference; lastKnownFileType = sourcecode.c.h; path = GCDWebServerResponse.h; sourceTree = "<group>"; };
		A1B2C3D4E5F600010000B204 /* GCDWebServerDataRequest.m */ = {isa = PBXFileReference; lastKnownFileType = sourcecode.c.objc; path = GCDWebServerDataRequest.m; sourceTree = "<group>"; };
		A1B2C3D4E5F600010000B304 /* GCDWebServerDataRequest.h */ = {isa = PBXFileReference; lastKnownFileType = sourcecode.c.h; path = GCDWebServerDataRequest.h; sourceTree = "<group>"; };
		A1B2C3D4E5F600010000B205 /* GCDWebServerDataResponse.m */ = {isa = PBXFileReference; lastKnownFileType = sourcecode.c.objc; path = GCDWebServerDataResponse.m; sourceTree = "<group>"; };
		A1B2C3D4E5F600010000B305 /* GCDWebServerDataResponse.h */ = {isa = PBXFileReference; lastKnownFileType = sourcecode.c.h; path = GCDWebServerDataResponse.h; sourceTree = "<group>"; };
		A1B2C3D4E5F6000100000Z01FR /* Archive+BackingConfiguration.swift */ = {isa = PBXFileReference; lastKnownFileType = sourcecode.swift; path = "Archive+BackingConfiguration.swift"; sourceTree = "<group>"; };
		A1B2C3D4E5F6000100000Z02FR /* Archive+Deprecated.swift */ = {isa = PBXFileReference; lastKnownFileType = sourcecode.swift; path = "Archive+Deprecated.swift"; sourceTree = "<group>"; };
		A1B2C3D4E5F6000100000Z03FR /* Archive+Helpers.swift */ = {isa = PBXFileReference; lastKnownFileType = sourcecode.swift; path = "Archive+Helpers.swift"; sourceTree = "<group>"; };
		A1B2C3D4E5F6000100000Z04FR /* Archive+MemoryFile.swift */ = {isa = PBXFileReference; lastKnownFileType = sourcecode.swift; path = "Archive+MemoryFile.swift"; sourceTree = "<group>"; };
		A1B2C3D4E5F6000100000Z05FR /* Archive+Progress.swift */ = {isa = PBXFileReference; lastKnownFileType = sourcecode.swift; path = "Archive+Progress.swift"; sourceTree = "<group>"; };
		A1B2C3D4E5F6000100000Z06FR /* Archive+Reading.swift */ = {isa = PBXFileReference; lastKnownFileType = sourcecode.swift; path = "Archive+Reading.swift"; sourceTree = "<group>"; };
		A1B2C3D4E5F6000100000Z07FR /* Archive+ReadingDeprecated.swift */ = {isa = PBXFileReference; lastKnownFileType = sourcecode.swift; path = "Archive+ReadingDeprecated.swift"; sourceTree = "<group>"; };
		A1B2C3D4E5F6000100000Z08FR /* Archive+Writing.swift */ = {isa = PBXFileReference; lastKnownFileType = sourcecode.swift; path = "Archive+Writing.swift"; sourceTree = "<group>"; };
		A1B2C3D4E5F6000100000Z09FR /* Archive+WritingDeprecated.swift */ = {isa = PBXFileReference; lastKnownFileType = sourcecode.swift; path = "Archive+WritingDeprecated.swift"; sourceTree = "<group>"; };
		A1B2C3D4E5F6000100000Z10FR /* Archive+ZIP64.swift */ = {isa = PBXFileReference; lastKnownFileType = sourcecode.swift; path = "Archive+ZIP64.swift"; sourceTree = "<group>"; };
		A1B2C3D4E5F6000100000Z11FR /* Archive.swift */ = {isa = PBXFileReference; lastKnownFileType = sourcecode.swift; path = "Archive.swift"; sourceTree = "<group>"; };
		A1B2C3D4E5F6000100000Z12FR /* Data+Compression.swift */ = {isa = PBXFileReference; lastKnownFileType = sourcecode.swift; path = "Data+Compression.swift"; sourceTree = "<group>"; };
		A1B2C3D4E5F6000100000Z13FR /* Data+CompressionDeprecated.swift */ = {isa = PBXFileReference; lastKnownFileType = sourcecode.swift; path = "Data+CompressionDeprecated.swift"; sourceTree = "<group>"; };
		A1B2C3D4E5F6000100000Z14FR /* Data+Serialization.swift */ = {isa = PBXFileReference; lastKnownFileType = sourcecode.swift; path = "Data+Serialization.swift"; sourceTree = "<group>"; };
		A1B2C3D4E5F6000100000Z15FR /* Date+ZIP.swift */ = {isa = PBXFileReference; lastKnownFileType = sourcecode.swift; path = "Date+ZIP.swift"; sourceTree = "<group>"; };
		A1B2C3D4E5F6000100000Z16FR /* Entry+Serialization.swift */ = {isa = PBXFileReference; lastKnownFileType = sourcecode.swift; path = "Entry+Serialization.swift"; sourceTree = "<group>"; };
		A1B2C3D4E5F6000100000Z17FR /* Entry+ZIP64.swift */ = {isa = PBXFileReference; lastKnownFileType = sourcecode.swift; path = "Entry+ZIP64.swift"; sourceTree = "<group>"; };
		A1B2C3D4E5F6000100000Z18FR /* Entry.swift */ = {isa = PBXFileReference; lastKnownFileType = sourcecode.swift; path = "Entry.swift"; sourceTree = "<group>"; };
		A1B2C3D4E5F6000100000Z19FR /* FileManager+ZIP.swift */ = {isa = PBXFileReference; lastKnownFileType = sourcecode.swift; path = "FileManager+ZIP.swift"; sourceTree = "<group>"; };
		A1B2C3D4E5F6000100000Z20FR /* FileManager+ZIPDeprecated.swift */ = {isa = PBXFileReference; lastKnownFileType = sourcecode.swift; path = "FileManager+ZIPDeprecated.swift"; sourceTree = "<group>"; };
		A1B2C3D4E5F6000100000Z21FR /* URL+ZIP.swift */ = {isa = PBXFileReference; lastKnownFileType = sourcecode.swift; path = "URL+ZIP.swift"; sourceTree = "<group>"; };
/* End PBXFileReference section */

/* Begin PBXFrameworksBuildPhase section */
		A1B2C3D4E5F600010000F1AA /* Frameworks */ = {
			isa = PBXFrameworksBuildPhase;
			buildActionMask = 2147483647;
			files = (
			);
			runOnlyForDeploymentPostprocessing = 0;
		};
/* End PBXFrameworksBuildPhase section */

/* Begin PBXGroup section */
		A1B2C3D4E5F600010000E0AA /* = */ = {
			isa = PBXGroup;
			children = (
				A1B2C3D4E5F600010000E1AA /* ClaudeFileServer */,
				A1B2C3D4E5F600010000E2AA /* Vendor */,
				A1B2C3D4E5F600010000E9AA /* Products */,
			);
			sourceTree = "<group>";
		};
		A1B2C3D4E5F600010000E9AA /* Products */ = {
			isa = PBXGroup;
			children = (
				A1B2C3D4E5F60001000010AA /* ClaudeFileServer.app */,
			);
			name = Products;
			sourceTree = "<group>";
		};
		A1B2C3D4E5F600010000E1AA /* ClaudeFileServer */ = {
			isa = PBXGroup;
			children = (
				A1B2C3D4E5F60001000002AA /* ClaudeFileServerApp.swift */,
				A1B2C3D4E5F60001000002BB /* ContentView.swift */,
				A1B2C3D4E5F60001000002CC /* FileServer.swift */,
				A1B2C3D4E5F60001000002DD /* FileOperations.swift */,
				A1B2C3D4E5F60001000002EE /* PathResolver.swift */,
				A1B2C3D4E5F60001000002FF /* AuthMiddleware.swift */,
				A1B2C3D4E5F60001000005AA /* ClaudeFileServer-Bridging-Header.h */,
				A1B2C3D4E5F60001000004AA /* Assets.xcassets */,
				A1B2C3D4E5F60001000006AA /* Info.plist */,
			);
			path = ClaudeFileServer;
			sourceTree = "<group>";
		};
		A1B2C3D4E5F600010000E2AA /* Vendor */ = {
			isa = PBXGroup;
			children = (
				A1B2C3D4E5F600010000E3AA /* GCDWebServer */,
				A1B2C3D4E5F6000100000ZGRP /* ZIPFoundation */,
			);
			path = Vendor;
			sourceTree = "<group>";
		};
		A1B2C3D4E5F6000100000ZGRP /* ZIPFoundation */ = {
			isa = PBXGroup;
			children = (
				A1B2C3D4E5F6000100000Z01FR /* Archive+BackingConfiguration.swift */,
				A1B2C3D4E5F6000100000Z02FR /* Archive+Deprecated.swift */,
				A1B2C3D4E5F6000100000Z03FR /* Archive+Helpers.swift */,
				A1B2C3D4E5F6000100000Z04FR /* Archive+MemoryFile.swift */,
				A1B2C3D4E5F6000100000Z05FR /* Archive+Progress.swift */,
				A1B2C3D4E5F6000100000Z06FR /* Archive+Reading.swift */,
				A1B2C3D4E5F6000100000Z07FR /* Archive+ReadingDeprecated.swift */,
				A1B2C3D4E5F6000100000Z08FR /* Archive+Writing.swift */,
				A1B2C3D4E5F6000100000Z09FR /* Archive+WritingDeprecated.swift */,
				A1B2C3D4E5F6000100000Z10FR /* Archive+ZIP64.swift */,
				A1B2C3D4E5F6000100000Z11FR /* Archive.swift */,
				A1B2C3D4E5F6000100000Z12FR /* Data+Compression.swift */,
				A1B2C3D4E5F6000100000Z13FR /* Data+CompressionDeprecated.swift */,
				A1B2C3D4E5F6000100000Z14FR /* Data+Serialization.swift */,
				A1B2C3D4E5F6000100000Z15FR /* Date+ZIP.swift */,
				A1B2C3D4E5F6000100000Z16FR /* Entry+Serialization.swift */,
				A1B2C3D4E5F6000100000Z17FR /* Entry+ZIP64.swift */,
				A1B2C3D4E5F6000100000Z18FR /* Entry.swift */,
				A1B2C3D4E5F6000100000Z19FR /* FileManager+ZIP.swift */,
				A1B2C3D4E5F6000100000Z20FR /* FileManager+ZIPDeprecated.swift */,
				A1B2C3D4E5F6000100000Z21FR /* URL+ZIP.swift */,
			);
			path = ZIPFoundation;
			sourceTree = "<group>";
		};
		A1B2C3D4E5F600010000E3AA /* GCDWebServer */ = {
			isa = PBXGroup;
			children = (
				A1B2C3D4E5F600010000E4AA /* Core */,
				A1B2C3D4E5F600010000E5AA /* Requests */,
				A1B2C3D4E5F600010000E6AA /* Responses */,
			);
			path = GCDWebServer;
			sourceTree = "<group>";
		};
		A1B2C3D4E5F600010000E4AA /* Core */ = {
			isa = PBXGroup;
			children = (
				A1B2C3D4E5F600010000B301 /* GCDWebServer.h */,
				A1B2C3D4E5F600010000B201 /* GCDWebServer.m */,
				A1B2C3D4E5F600010000B302 /* GCDWebServerRequest.h */,
				A1B2C3D4E5F600010000B202 /* GCDWebServerRequest.m */,
				A1B2C3D4E5F600010000B303 /* GCDWebServerResponse.h */,
				A1B2C3D4E5F600010000B203 /* GCDWebServerResponse.m */,
			);
			path = Core;
			sourceTree = "<group>";
		};
		A1B2C3D4E5F600010000E5AA /* Requests */ = {
			isa = PBXGroup;
			children = (
				A1B2C3D4E5F600010000B304 /* GCDWebServerDataRequest.h */,
				A1B2C3D4E5F600010000B204 /* GCDWebServerDataRequest.m */,
			);
			path = Requests;
			sourceTree = "<group>";
		};
		A1B2C3D4E5F600010000E6AA /* Responses */ = {
			isa = PBXGroup;
			children = (
				A1B2C3D4E5F600010000B305 /* GCDWebServerDataResponse.h */,
				A1B2C3D4E5F600010000B205 /* GCDWebServerDataResponse.m */,
			);
			path = Responses;
			sourceTree = "<group>";
		};
/* End PBXGroup section */

/* Begin PBXNativeTarget section */
		A1B2C3D4E5F600010000D1AA /* ClaudeFileServer */ = {
			isa = PBXNativeTarget;
			buildConfigurationList = A1B2C3D4E5F600010000C3AA /* Build configuration list for PBXNativeTarget "ClaudeFileServer" */;
			buildPhases = (
				A1B2C3D4E5F600010000F2AA /* Sources */,
				A1B2C3D4E5F600010000F1AA /* Frameworks */,
				A1B2C3D4E5F600010000F3AA /* Resources */,
			);
			buildRules = (
			);
			dependencies = (
			);
			name = ClaudeFileServer;
			productName = ClaudeFileServer;
			productReference = A1B2C3D4E5F60001000010AA /* ClaudeFileServer.app */;
			productType = "com.apple.product-type.application";
		};
/* End PBXNativeTarget section */

/* Begin PBXProject section */
		A1B2C3D4E5F600010000D0AA /* Project object */ = {
			isa = PBXProject;
			attributes = {
				BuildIndependentTargetsInParallel = 1;
				LastSwiftUpdateCheck = 1500;
				LastUpgradeCheck = 1500;
				TargetAttributes = {
					A1B2C3D4E5F600010000D1AA = {
						CreatedOnToolsVersion = 15.0;
					};
				};
			};
			buildConfigurationList = A1B2C3D4E5F600010000C1AA /* Build configuration list for PBXProject "ClaudeFileServer" */;
			compatibilityVersion = "Xcode 14.0";
			developmentRegion = en;
			hasScannedForEncodings = 0;
			knownRegions = (
				en,
				Base,
			);
			mainGroup = A1B2C3D4E5F600010000E0AA;
			productRefGroup = A1B2C3D4E5F600010000E9AA /* Products */;
			projectDirPath = "";
			projectRoot = "";
			targets = (
				A1B2C3D4E5F600010000D1AA /* ClaudeFileServer */,
			);
		};
/* End PBXProject section */

/* Begin PBXResourcesBuildPhase section */
		A1B2C3D4E5F600010000F3AA /* Resources */ = {
			isa = PBXResourcesBuildPhase;
			buildActionMask = 2147483647;
			files = (
				A1B2C3D4E5F60001000003AA /* Assets.xcassets in Resources */,
			);
			runOnlyForDeploymentPostprocessing = 0;
		};
/* End PBXResourcesBuildPhase section */

/* Begin PBXSourcesBuildPhase section */
		A1B2C3D4E5F600010000F2AA /* Sources */ = {
			isa = PBXSourcesBuildPhase;
			buildActionMask = 2147483647;
			files = (
				A1B2C3D4E5F60001000001AA /* ClaudeFileServerApp.swift in Sources */,
				A1B2C3D4E5F60001000001BB /* ContentView.swift in Sources */,
				A1B2C3D4E5F60001000001CC /* FileServer.swift in Sources */,
				A1B2C3D4E5F60001000001DD /* FileOperations.swift in Sources */,
				A1B2C3D4E5F60001000001EE /* PathResolver.swift in Sources */,
				A1B2C3D4E5F60001000001FF /* AuthMiddleware.swift in Sources */,
				A1B2C3D4E5F600010000B101 /* GCDWebServer.m in Sources */,
				A1B2C3D4E5F600010000B102 /* GCDWebServerRequest.m in Sources */,
				A1B2C3D4E5F600010000B103 /* GCDWebServerResponse.m in Sources */,
				A1B2C3D4E5F600010000B104 /* GCDWebServerDataRequest.m in Sources */,
				A1B2C3D4E5F600010000B105 /* GCDWebServerDataResponse.m in Sources */,
				A1B2C3D4E5F6000100000Z01BF /* Archive+BackingConfiguration.swift in Sources */,
				A1B2C3D4E5F6000100000Z02BF /* Archive+Deprecated.swift in Sources */,
				A1B2C3D4E5F6000100000Z03BF /* Archive+Helpers.swift in Sources */,
				A1B2C3D4E5F6000100000Z04BF /* Archive+MemoryFile.swift in Sources */,
				A1B2C3D4E5F6000100000Z05BF /* Archive+Progress.swift in Sources */,
				A1B2C3D4E5F6000100000Z06BF /* Archive+Reading.swift in Sources */,
				A1B2C3D4E5F6000100000Z07BF /* Archive+ReadingDeprecated.swift in Sources */,
				A1B2C3D4E5F6000100000Z08BF /* Archive+Writing.swift in Sources */,
				A1B2C3D4E5F6000100000Z09BF /* Archive+WritingDeprecated.swift in Sources */,
				A1B2C3D4E5F6000100000Z10BF /* Archive+ZIP64.swift in Sources */,
				A1B2C3D4E5F6000100000Z11BF /* Archive.swift in Sources */,
				A1B2C3D4E5F6000100000Z12BF /* Data+Compression.swift in Sources */,
				A1B2C3D4E5F6000100000Z13BF /* Data+CompressionDeprecated.swift in Sources */,
				A1B2C3D4E5F6000100000Z14BF /* Data+Serialization.swift in Sources */,
				A1B2C3D4E5F6000100000Z15BF /* Date+ZIP.swift in Sources */,
				A1B2C3D4E5F6000100000Z16BF /* Entry+Serialization.swift in Sources */,
				A1B2C3D4E5F6000100000Z17BF /* Entry+ZIP64.swift in Sources */,
				A1B2C3D4E5F6000100000Z18BF /* Entry.swift in Sources */,
				A1B2C3D4E5F6000100000Z19BF /* FileManager+ZIP.swift in Sources */,
				A1B2C3D4E5F6000100000Z20BF /* FileManager+ZIPDeprecated.swift in Sources */,
				A1B2C3D4E5F6000100000Z21BF /* URL+ZIP.swift in Sources */,
			);
			runOnlyForDeploymentPostprocessing = 0;
		};
/* End PBXSourcesBuildPhase section */

/* Begin XCBuildConfiguration section */
		A1B2C3D4E5F600010000C1BB /* Debug */ = {
			isa = XCBuildConfiguration;
			buildSettings = {
				ALWAYS_SEARCH_USER_PATHS = NO;
				ASSETCATALOG_COMPILER_GENERATE_SWIFT_ASSET_SYMBOL_EXTENSIONS = YES;
				CLANG_ANALYZER_NONNULL = YES;
				CLANG_ANALYZER_NUMBER_OBJECT_CONVERSION = YES_AGGRESSIVE;
				CLANG_CXX_LANGUAGE_STANDARD = "gnu++20";
				CLANG_ENABLE_MODULES = YES;
				CLANG_ENABLE_OBJC_ARC = YES;
				CLANG_ENABLE_OBJC_WEAK = YES;
				CLANG_WARN_BLOCK_CAPTURE_AUTORELEASING = YES;
				CLANG_WARN_BOOL_CONVERSION = YES;
				CLANG_WARN_COMMA = YES;
				CLANG_WARN_CONSTANT_CONVERSION = YES;
				CLANG_WARN_DEPRECATED_OBJC_IMPLEMENTATIONS = YES;
				CLANG_WARN_DIRECT_OBJC_ISA_USAGE = YES_ERROR;
				CLANG_WARN_DOCUMENTATION_COMMENTS = YES;
				CLANG_WARN_EMPTY_BODY = YES;
				CLANG_WARN_ENUM_CONVERSION = YES;
				CLANG_WARN_INFINITE_RECURSION = YES;
				CLANG_WARN_INT_CONVERSION = YES;
				CLANG_WARN_NON_LITERAL_NULL_CONVERSION = YES;
				CLANG_WARN_OBJC_IMPLICIT_RETAIN_SELF = YES;
				CLANG_WARN_OBJC_LITERAL_CONVERSION = YES;
				CLANG_WARN_OBJC_ROOT_CLASS = YES_ERROR;
				CLANG_WARN_QUOTED_INCLUDE_IN_FRAMEWORK_HEADER = YES;
				CLANG_WARN_RANGE_LOOP_ANALYSIS = YES;
				CLANG_WARN_STRICT_PROTOTYPES = YES;
				CLANG_WARN_SUSPICIOUS_MOVE = YES;
				CLANG_WARN_UNGUARDED_AVAILABILITY = YES_AGGRESSIVE;
				CLANG_WARN_UNREACHABLE_CODE = YES;
				CLANG_WARN__DUPLICATE_METHOD_MATCH = YES;
				COPY_PHASE_STRIP = NO;
				DEBUG_INFORMATION_FORMAT = dwarf;
				ENABLE_STRICT_OBJC_MSGSEND = YES;
				ENABLE_TESTABILITY = YES;
				ENABLE_USER_SCRIPT_SANDBOXING = YES;
				GCC_C_LANGUAGE_STANDARD = gnu17;
				GCC_DYNAMIC_NO_PIC = NO;
				GCC_NO_COMMON_BLOCKS = YES;
				GCC_OPTIMIZATION_LEVEL = 0;
				GCC_PREPROCESSOR_DEFINITIONS = (
					"DEBUG=1",
					"$(inherited)",
				);
				GCC_WARN_64_TO_32_BIT_CONVERSION = YES;
				GCC_WARN_ABOUT_RETURN_TYPE = YES_ERROR;
				GCC_WARN_UNDECLARED_SELECTOR = YES;
				GCC_WARN_UNINITIALIZED_AUTOS = YES_AGGRESSIVE;
				GCC_WARN_UNUSED_FUNCTION = YES;
				GCC_WARN_UNUSED_VARIABLE = YES;
				IPHONEOS_DEPLOYMENT_TARGET = 15.0;
				LOCALIZATION_PREFERS_STRING_CATALOGS = YES;
				MTL_ENABLE_DEBUG_INFO = INCLUDE_SOURCE;
				MTL_FAST_MATH = YES;
				ONLY_ACTIVE_ARCH = YES;
				SDKROOT = iphoneos;
				SWIFT_ACTIVE_COMPILATION_CONDITIONS = "$(inherited) DEBUG";
				SWIFT_OPTIMIZATION_LEVEL = "-Onone";
			};
			name = Debug;
		};
		A1B2C3D4E5F600010000C1CC /* Release */ = {
			isa = XCBuildConfiguration;
			buildSettings = {
				ALWAYS_SEARCH_USER_PATHS = NO;
				ASSETCATALOG_COMPILER_GENERATE_SWIFT_ASSET_SYMBOL_EXTENSIONS = YES;
				CLANG_ANALYZER_NONNULL = YES;
				CLANG_ANALYZER_NUMBER_OBJECT_CONVERSION = YES_AGGRESSIVE;
				CLANG_CXX_LANGUAGE_STANDARD = "gnu++20";
				CLANG_ENABLE_MODULES = YES;
				CLANG_ENABLE_OBJC_ARC = YES;
				CLANG_ENABLE_OBJC_WEAK = YES;
				CLANG_WARN_BLOCK_CAPTURE_AUTORELEASING = YES;
				CLANG_WARN_BOOL_CONVERSION = YES;
				CLANG_WARN_COMMA = YES;
				CLANG_WARN_CONSTANT_CONVERSION = YES;
				CLANG_WARN_DEPRECATED_OBJC_IMPLEMENTATIONS = YES;
				CLANG_WARN_DIRECT_OBJC_ISA_USAGE = YES_ERROR;
				CLANG_WARN_DOCUMENTATION_COMMENTS = YES;
				CLANG_WARN_EMPTY_BODY = YES;
				CLANG_WARN_ENUM_CONVERSION = YES;
				CLANG_WARN_INFINITE_RECURSION = YES;
				CLANG_WARN_INT_CONVERSION = YES;
				CLANG_WARN_NON_LITERAL_NULL_CONVERSION = YES;
				CLANG_WARN_OBJC_IMPLICIT_RETAIN_SELF = YES;
				CLANG_WARN_OBJC_LITERAL_CONVERSION = YES;
				CLANG_WARN_OBJC_ROOT_CLASS = YES_ERROR;
				CLANG_WARN_QUOTED_INCLUDE_IN_FRAMEWORK_HEADER = YES;
				CLANG_WARN_RANGE_LOOP_ANALYSIS = YES;
				CLANG_WARN_STRICT_PROTOTYPES = YES;
				CLANG_WARN_SUSPICIOUS_MOVE = YES;
				CLANG_WARN_UNGUARDED_AVAILABILITY = YES_AGGRESSIVE;
				CLANG_WARN_UNREACHABLE_CODE = YES;
				CLANG_WARN__DUPLICATE_METHOD_MATCH = YES;
				COPY_PHASE_STRIP = NO;
				DEBUG_INFORMATION_FORMAT = "dwarf-with-dsym";
				ENABLE_NS_ASSERTIONS = NO;
				ENABLE_STRICT_OBJC_MSGSEND = YES;
				ENABLE_USER_SCRIPT_SANDBOXING = YES;
				GCC_C_LANGUAGE_STANDARD = gnu17;
				GCC_NO_COMMON_BLOCKS = YES;
				GCC_WARN_64_TO_32_BIT_CONVERSION = YES;
				GCC_WARN_ABOUT_RETURN_TYPE = YES_ERROR;
				GCC_WARN_UNDECLARED_SELECTOR = YES;
				GCC_WARN_UNINITIALIZED_AUTOS = YES_AGGRESSIVE;
				GCC_WARN_UNUSED_FUNCTION = YES;
				GCC_WARN_UNUSED_VARIABLE = YES;
				IPHONEOS_DEPLOYMENT_TARGET = 15.0;
				LOCALIZATION_PREFERS_STRING_CATALOGS = YES;
				MTL_FAST_MATH = YES;
				SDKROOT = iphoneos;
				SWIFT_COMPILATION_MODE = wholemodule;
				VALIDATE_PRODUCT = YES;
			};
			name = Release;
		};
		A1B2C3D4E5F600010000C3BB /* Debug */ = {
			isa = XCBuildConfiguration;
			buildSettings = {
				ASSETCATALOG_COMPILER_APPICON_NAME = AppIcon;
				ASSETCATALOG_COMPILER_GLOBAL_ACCENT_COLOR_NAME = AccentColor;
				CODE_SIGNING_ALLOWED = NO;
				CODE_SIGN_IDENTITY = "";
				CODE_SIGN_STYLE = Manual;
				CURRENT_PROJECT_VERSION = 1;
				DEVELOPMENT_TEAM = "";
				GENERATE_INFOPLIST_FILE = NO;
				HEADER_SEARCH_PATHS = (
					"$(SRCROOT)/Vendor/GCDWebServer/Core",
					"$(SRCROOT)/Vendor/GCDWebServer/Requests",
					"$(SRCROOT)/Vendor/GCDWebServer/Responses",
				);
				INFOPLIST_FILE = ClaudeFileServer/Info.plist;
				INFOPLIST_KEY_UIApplicationSceneManifest_Generation = YES;
				INFOPLIST_KEY_UIApplicationSupportsIndirectInputEvents = YES;
				INFOPLIST_KEY_UILaunchScreen_Generation = YES;
				INFOPLIST_KEY_UISupportedInterfaceOrientations_iPad = "UIInterfaceOrientationPortrait UIInterfaceOrientationPortraitUpsideDown UIInterfaceOrientationLandscapeLeft UIInterfaceOrientationLandscapeRight";
				INFOPLIST_KEY_UISupportedInterfaceOrientations_iPhone = "UIInterfaceOrientationPortrait UIInterfaceOrientationLandscapeLeft UIInterfaceOrientationLandscapeRight";
				LD_RUNPATH_SEARCH_PATHS = (
					"$(inherited)",
					"@executable_path/Frameworks",
				);
				MARKETING_VERSION = 1.0;
				PRODUCT_BUNDLE_IDENTIFIER = com.claudecode.fileserver;
				PRODUCT_NAME = "$(TARGET_NAME)";
				PROVISIONING_PROFILE_SPECIFIER = "";
				SWIFT_EMIT_LOC_STRINGS = YES;
				SWIFT_OBJC_BRIDGING_HEADER = "ClaudeFileServer/ClaudeFileServer-Bridging-Header.h";
				SWIFT_VERSION = 5.0;
				TARGETED_DEVICE_FAMILY = "1,2";
			};
			name = Debug;
		};
		A1B2C3D4E5F600010000C3CC /* Release */ = {
			isa = XCBuildConfiguration;
			buildSettings = {
				ASSETCATALOG_COMPILER_APPICON_NAME = AppIcon;
				ASSETCATALOG_COMPILER_GLOBAL_ACCENT_COLOR_NAME = AccentColor;
				CODE_SIGNING_ALLOWED = NO;
				CODE_SIGN_IDENTITY = "";
				CODE_SIGN_STYLE = Manual;
				CURRENT_PROJECT_VERSION = 1;
				DEVELOPMENT_TEAM = "";
				GENERATE_INFOPLIST_FILE = NO;
				HEADER_SEARCH_PATHS = (
					"$(SRCROOT)/Vendor/GCDWebServer/Core",
					"$(SRCROOT)/Vendor/GCDWebServer/Requests",
					"$(SRCROOT)/Vendor/GCDWebServer/Responses",
				);
				INFOPLIST_FILE = ClaudeFileServer/Info.plist;
				INFOPLIST_KEY_UIApplicationSceneManifest_Generation = YES;
				INFOPLIST_KEY_UIApplicationSupportsIndirectInputEvents = YES;
				INFOPLIST_KEY_UILaunchScreen_Generation = YES;
				INFOPLIST_KEY_UISupportedInterfaceOrientations_iPad = "UIInterfaceOrientationPortrait UIInterfaceOrientationPortraitUpsideDown UIInterfaceOrientationLandscapeLeft UIInterfaceOrientationLandscapeRight";
				INFOPLIST_KEY_UISupportedInterfaceOrientations_iPhone = "UIInterfaceOrientationPortrait UIInterfaceOrientationLandscapeLeft UIInterfaceOrientationLandscapeRight";
				LD_RUNPATH_SEARCH_PATHS = (
					"$(inherited)",
					"@executable_path/Frameworks",
				);
				MARKETING_VERSION = 1.0;
				PRODUCT_BUNDLE_IDENTIFIER = com.claudecode.fileserver;
				PRODUCT_NAME = "$(TARGET_NAME)";
				PROVISIONING_PROFILE_SPECIFIER = "";
				SWIFT_EMIT_LOC_STRINGS = YES;
				SWIFT_OBJC_BRIDGING_HEADER = "ClaudeFileServer/ClaudeFileServer-Bridging-Header.h";
				SWIFT_VERSION = 5.0;
				TARGETED_DEVICE_FAMILY = "1,2";
			};
			name = Release;
		};
/* End XCBuildConfiguration section */

/* Begin XCConfigurationList section */
		A1B2C3D4E5F600010000C1AA /* Build configuration list for PBXProject "ClaudeFileServer" */ = {
			isa = XCConfigurationList;
			buildConfigurations = (
				A1B2C3D4E5F600010000C1BB /* Debug */,
				A1B2C3D4E5F600010000C1CC /* Release */,
			);
			defaultConfigurationIsVisible = 0;
			defaultConfigurationName = Release;
		};
		A1B2C3D4E5F600010000C3AA /* Build configuration list for PBXNativeTarget "ClaudeFileServer" */ = {
			isa = XCConfigurationList;
			buildConfigurations = (
				A1B2C3D4E5F600010000C3BB /* Debug */,
				A1B2C3D4E5F600010000C3CC /* Release */,
			);
			defaultConfigurationIsVisible = 0;
			defaultConfigurationName = Release;
		};
/* End XCConfigurationList section */
	};
	rootObject = A1B2C3D4E5F600010000D0AA /* Project object */;
}
